
Microsoft Visual Studio Solution File, Format Version 12.00
# Visual Studio 15
VisualStudioVersion = 15.0.27130.2010
MinimumVisualStudioVersion = 10.0.40219.1
Project("{8BC9CEB8-8B4A-11D0-8D11-00A0C91BC942}") = "IharBury.IntegerGeometry", "src\IharBury.IntegerGeometry.vcxproj", "{A578B0AD-75D9-4443-B574-B9AAB81D9194}"
EndProject
Project("{8BC9CEB8-8B4A-11D0-8D11-00A0C91BC942}") = "IharBury.IntegerGeometry.Tests", "test\IharBury.IntegerGeometry.Tests.vcxproj", "{79956BCF-22CC-4F64-86B1-0278EF3C6A33}"
EndProject
Global
	GlobalSection(SolutionConfigurationPlatforms) = preSolution
		Debug|x64 = Debug|x64
		Debug|x86 = Debug|x86
		Release|x64 = Release|x64
		Release|x86 = Release|x86
	EndGlobalSection
	GlobalSection(ProjectConfigurationPlatforms) = postSolution
		{A578B0AD-75D9-4443-B574-B9AAB81D9194}.Debug|x64.ActiveCfg = Debug|x64
		{A578B0AD-75D9-4443-B574-B9AAB81D9194}.Debug|x64.Build.0 = Debug|x64
		{A578B0AD-75D9-4443-B574-B9AAB81D9194}.Debug|x86.ActiveCfg = Debug|Win32
		{A578B0AD-75D9-4443-B574-B9AAB81D9194}.Debug|x86.Build.0 = Debug|Win32
		{A578B0AD-75D9-4443-B574-B9AAB81D9194}.Release|x64.ActiveCfg = Release|x64
		{A578B0AD-75D9-4443-B574-B9AAB81D9194}.Release|x64.Build.0 = Release|x64
		{A578B0AD-75D9-4443-B574-B9AAB81D9194}.Release|x86.ActiveCfg = Release|Win32
		{A578B0AD-75D9-4443-B574-B9AAB81D9194}.Release|x86.Build.0 = Release|Win32
		{79956BCF-22CC-4F64-86B1-0278EF3C6A33}.Debug|x64.ActiveCfg = Debug|x64
		{79956BCF-22CC-4F64-86B1-0278EF3C6A33}.Debug|x64.Build.0 = Debug|x64
		{79956BCF-22CC-4F64-86B1-0278EF3C6A33}.Debug|x86.ActiveCfg = Debug|Win32
		{79956BCF-22CC-4F64-86B1-0278EF3C6A33}.Debug|x86.Build.0 = Debug|Win32
		{79956BCF-22CC-4F64-86B1-0278EF3C6A33}.Release|x64.ActiveCfg = Release|x64
		{79956BCF-22CC-4F64-86B1-0278EF3C6A33}.Release|x64.Build.0 = Release|x64
		{79956BCF-22CC-4F64-86B1-0278EF3C6A33}.Release|x86.ActiveCfg = Release|Win32
		{79956BCF-22CC-4F64-86B1-0278EF3C6A33}.Release|x86.Build.0 = Release|Win32
	EndGlobalSection
	GlobalSection(SolutionProperties) = preSolution
		HideSolutionNode = FALSE
	EndGlobalSection
	GlobalSection(ExtensibilityGlobals) = postSolution
		SolutionGuid = {1F597CFB-FBD8-4EA8-A3BC-5E74A8105D28}
	EndGlobalSection
EndGlobal
