<?xml version="1.0" encoding="utf-8"?>
<Project ToolsVersion="4.0" xmlns="http://schemas.microsoft.com/developer/msbuild/2003">
  <ItemGroup>
    <ClCompile Include="point_2d.cc" />
    <ClCompile Include="line_2d.cc" />
    <ClCompile Include="impl\math.cc">
      <Filter>impl</Filter>
    </ClCompile>
    <ClCompile Include="impl\fraction64.cc">
      <Filter>impl</Filter>
    </ClCompile>
    <ClCompile Include="impl\line_2d_impl.cc">
      <Filter>impl</Filter>
    </ClCompile>
  </ItemGroup>
  <ItemGroup>
    <ClInclude Include="point_2d.h" />
    <ClInclude Include="line_2d.h" />
    <ClInclude Include="impl\math.h">
      <Filter>impl</Filter>
    </ClInclude>
    <ClInclude Include="impl\fraction64.h">
      <Filter>impl</Filter>
    </ClInclude>
    <ClInclude Include="impl\line_2d_impl.h">
      <Filter>impl</Filter>
    </ClInclude>
  </ItemGroup>
  <ItemGroup>
    <Filter Include="impl">
      <UniqueIdentifier>{aea197a3-08b0-496a-a22c-f4dced12bc02}</UniqueIdentifier>
    </Filter>
  </ItemGroup>
</Project>